
Microsoft Visual Studio Solution File, Format Version 12.00
# Visual Studio Version 17
VisualStudioVersion = 17.8.34004.107
MinimumVisualStudioVersion = 10.0.40219.1
Project("{FAE04EC0-301F-11D3-BF4B-00C04F79EFBC}") = "RNP24_5_2", "RNP24_5_2.csproj", "{2582DF31-2045-4F3C-8E2B-4C1ED0277895}"
EndProject
Global
	GlobalSection(SolutionConfigurationPlatforms) = preSolution
		Debug|Any CPU = Debug|Any CPU
		Release|Any CPU = Release|Any CPU
	EndGlobalSection
	GlobalSection(ProjectConfigurationPlatforms) = postSolution
		{2582DF31-2045-4F3C-8E2B-4C1ED0277895}.Debug|Any CPU.ActiveCfg = Debug|Any CPU
		{2582DF31-2045-4F3C-8E2B-4C1ED0277895}.Debug|Any CPU.Build.0 = Debug|Any CPU
		{2582DF31-2045-4F3C-8E2B-4C1ED0277895}.Release|Any CPU.ActiveCfg = Release|Any CPU
		{2582DF31-2045-4F3C-8E2B-4C1ED0277895}.Release|Any CPU.Build.0 = Release|Any CPU
	EndGlobalSection
	GlobalSection(SolutionProperties) = preSolution
		HideSolutionNode = FALSE
	EndGlobalSection
	GlobalSection(ExtensibilityGlobals) = postSolution
		SolutionGuid = {C4424686-DE53-412E-B5EC-8FFE27AF5217}
	EndGlobalSection
EndGlobal
